
Microsoft Visual Studio Solution File, Format Version 12.00
# Visual Studio Version 17
VisualStudioVersion = 17.14.36811.4 d17.14
MinimumVisualStudioVersion = 10.0.40219.1
Project("{FAE04EC0-301F-11D3-BF4B-00C04F79EFBC}") = "FlooxOC", "FlooxOC\FlooxOC.csproj", "{B14F4354-055B-42A7-9C09-B14612F172B1}"
EndProject
Global
	GlobalSection(SolutionConfigurationPlatforms) = preSolution
		Debug|Any CPU = Debug|Any CPU
		Release|Any CPU = Release|Any CPU
	EndGlobalSection
	GlobalSection(ProjectConfigurationPlatforms) = postSolution
		{B14F4354-055B-42A7-9C09-B14612F172B1}.Debug|Any CPU.ActiveCfg = Debug|Any CPU
		{B14F4354-055B-42A7-9C09-B14612F172B1}.Debug|Any CPU.Build.0 = Debug|Any CPU
		{B14F4354-055B-42A7-9C09-B14612F172B1}.Release|Any CPU.ActiveCfg = Release|Any CPU
		{B14F4354-055B-42A7-9C09-B14612F172B1}.Release|Any CPU.Build.0 = Release|Any CPU
	EndGlobalSection
	GlobalSection(SolutionProperties) = preSolution
		HideSolutionNode = FALSE
	EndGlobalSection
	GlobalSection(ExtensibilityGlobals) = postSolution
		SolutionGuid = {EC8B07EF-9B81-4253-8273-DF365C4695ED}
	EndGlobalSection
EndGlobal
